{
  "name": "ExplanationExperienceEditor",
  "version": "[BUILD_VERSION]",
  "lockfileVersion": 1,
  "requires": true,
  "dependencies": {
    "angular-cookies": {
      "version": "1.4.14",
      "resolved": "https://registry.npmjs.org/angular-cookies/-/angular-cookies-1.4.14.tgz",
      "integrity": "sha512-KB7g4oWxUG3+fsPlyWOht+f+VTma1qKJCM/zzVzRbQfe8oZBw1+loO1gMiOyKdsb1+OUNiptjGrC/qFvdwrASg=="
    }
  }
}
